# This file is automatically @generated by Cargo.
# It is not intended for manual editing.
version = 4

[[package]]
name = "archipelago-agents"
version = "0.1.0"
dependencies = [
 "archipelago-sim",
]

[[package]]
name = "archipelago-api"
version = "0.1.0"
dependencies = [
 "archipelago-agents",
 "archipelago-sim",
]

[[package]]
name = "archipelago-headless"
version = "0.1.0"
dependencies = [
 "archipelago-agents",
 "archipelago-sim",
]

[[package]]
name = "archipelago-llm"
version = "0.1.0"
dependencies = [
 "archipelago-agents",
]

[[package]]
name = "archipelago-sim"
version = "0.1.0"
